
Microsoft Visual Studio Solution File, Format Version 12.00
# Visual Studio 15
VisualStudioVersion = 15.0.27428.2037
MinimumVisualStudioVersion = 10.0.40219.1
Project("{FAE04EC0-301F-11D3-BF4B-00C04F79EFBC}") = "City", "City\City.csproj", "{000E7F69-A22E-4693-BA30-E84F79DD554D}"
EndProject
Global
	GlobalSection(SolutionConfigurationPlatforms) = preSolution
		Debug|Any CPU = Debug|Any CPU
		Release|Any CPU = Release|Any CPU
	EndGlobalSection
	GlobalSection(ProjectConfigurationPlatforms) = postSolution
		{000E7F69-A22E-4693-BA30-E84F79DD554D}.Debug|Any CPU.ActiveCfg = Debug|Any CPU
		{000E7F69-A22E-4693-BA30-E84F79DD554D}.Debug|Any CPU.Build.0 = Debug|Any CPU
		{000E7F69-A22E-4693-BA30-E84F79DD554D}.Release|Any CPU.ActiveCfg = Release|Any CPU
		{000E7F69-A22E-4693-BA30-E84F79DD554D}.Release|Any CPU.Build.0 = Release|Any CPU
	EndGlobalSection
	GlobalSection(SolutionProperties) = preSolution
		HideSolutionNode = FALSE
	EndGlobalSection
	GlobalSection(ExtensibilityGlobals) = postSolution
		SolutionGuid = {8A0A3685-D796-4013-A435-EBDF82437FAE}
	EndGlobalSection
EndGlobal
